// !$*UTF8*$!
{
	archiveVersion = 1;
	classes = {
	};
	objectVersion = 50;
	objects = {

/* Begin PBXBuildFile section */
		503FC32A2478843200D3009E /* AppDelegate.swift in Sources */ = {isa = PBXBuildFile; fileRef = 503FC3292478843200D3009E /* AppDelegate.swift */; };
		503FC32C2478843200D3009E /* SceneDelegate.swift in Sources */ = {isa = PBXBuildFile; fileRef = 503FC32B2478843200D3009E /* SceneDelegate.swift */; };
		503FC32E2478843200D3009E /* ViewController.swift in Sources */ = {isa = PBXBuildFile; fileRef = 503FC32D2478843200D3009E /* ViewController.swift */; };
		503FC3312478843200D3009E /* Main.storyboard in Resources */ = {isa = PBXBuildFile; fileRef = 503FC32F2478843200D3009E /* Main.storyboard */; };
		503FC3332478843200D3009E /* Assets.xcassets in Resources */ = {isa = PBXBuildFile; fileRef = 503FC3322478843200D3009E /* Assets.xcassets */; };
		503FC3362478843200D3009E /* LaunchScreen.storyboard in Resources */ = {isa = PBXBuildFile; fileRef = 503FC3342478843200D3009E /* LaunchScreen.storyboard */; };
		503FC33E2478845900D3009E /* Sign.swift in Sources */ = {isa = PBXBuildFile; fileRef = 503FC33D2478845900D3009E /* Sign.swift */; };
		503FC340247884CB00D3009E /* GameState.swift in Sources */ = {isa = PBXBuildFile; fileRef = 503FC33F247884CB00D3009E /* GameState.swift */; };
/* End PBXBuildFile section */

/* Begin PBXFileReference section */
		503FC3262478843200D3009E /* RPS 2 player.app */ = {isa = PBXFileReference; explicitFileType = wrapper.application; includeInIndex = 0; path = "RPS 2 player.app"; sourceTree = BUILT_PRODUCTS_DIR; };
		503FC3292478843200D3009E /* AppDelegate.swift */ = {isa = PBXFileReference; lastKnownFileType = sourcecode.swift; path = AppDelegate.swift; sourceTree = "<group>"; };
		503FC32B2478843200D3009E /* SceneDelegate.swift */ = {isa = PBXFileReference; lastKnownFileType = sourcecode.swift; path = SceneDelegate.swift; sourceTree = "<group>"; };
		503FC32D2478843200D3009E /* ViewController.swift */ = {isa = PBXFileReference; lastKnownFileType = sourcecode.swift; path = ViewController.swift; sourceTree = "<group>"; };
		503FC3302478843200D3009E /* Base */ = {isa = PBXFileReference; lastKnownFileType = file.storyboard; name = Base; path = Base.lproj/Main.storyboard; sourceTree = "<group>"; };
		503FC3322478843200D3009E /* Assets.xcassets */ = {isa = PBXFileReference; lastKnownFileType = folder.assetcatalog; path = Assets.xcassets; sourceTree = "<group>"; };
		503FC3352478843200D3009E /* Base */ = {isa = PBXFileReference; lastKnownFileType = file.storyboard; name = Base; path = Base.lproj/LaunchScreen.storyboard; sourceTree = "<group>"; };
		503FC3372478843200D3009E /* Info.plist */ = {isa = PBXFileReference; lastKnownFileType = text.plist.xml; path = Info.plist; sourceTree = "<group>"; };
		503FC33D2478845900D3009E /* Sign.swift */ = {isa = PBXFileReference; lastKnownFileType = sourcecode.swift; path = Sign.swift; sourceTree = "<group>"; };
		503FC33F247884CB00D3009E /* GameState.swift */ = {isa = PBXFileReference; lastKnownFileType = sourcecode.swift; path = GameState.swift; sourceTree = "<group>"; };
/* End PBXFileReference section */

/* Begin PBXFrameworksBuildPhase section */
		503FC3232478843200D3009E /* Frameworks */ = {
			isa = PBXFrameworksBuildPhase;
			buildActionMask = 2147483647;
			files = (
			);
			runOnlyForDeploymentPostprocessing = 0;
		};
/* End PBXFrameworksBuildPhase section */

/* Begin PBXGroup section */
		503FC31D2478843200D3009E = {
			isa = PBXGroup;
			children = (
				503FC3282478843200D3009E /* RPS II */,
				503FC3272478843200D3009E /* Products */,
			);
			sourceTree = "<group>";
		};
		503FC3272478843200D3009E /* Products */ = {
			isa = PBXGroup;
			children = (
				503FC3262478843200D3009E /* RPS 2 player.app */,
			);
			name = Products;
			sourceTree = "<group>";
		};
		503FC3282478843200D3009E /* RPS II */ = {
			isa = PBXGroup;
			children = (
				503FC33D2478845900D3009E /* Sign.swift */,
				503FC33F247884CB00D3009E /* GameState.swift */,
				503FC3292478843200D3009E /* AppDelegate.swift */,
				503FC32B2478843200D3009E /* SceneDelegate.swift */,
				503FC32D2478843200D3009E /* ViewController.swift */,
				503FC32F2478843200D3009E /* Main.storyboard */,
				503FC3322478843200D3009E /* Assets.xcassets */,
				503FC3342478843200D3009E /* LaunchScreen.storyboard */,
				503FC3372478843200D3009E /* Info.plist */,
			);
			path = "RPS II";
			sourceTree = "<group>";
		};
/* End PBXGroup section */

/* Begin PBXNativeTarget section */
		503FC3252478843200D3009E /* RPS2player */ = {
			isa = PBXNativeTarget;
			buildConfigurationList = 503FC33A2478843200D3009E /* Build configuration list for PBXNativeTarget "RPS2player" */;
			buildPhases = (
				503FC3222478843200D3009E /* Sources */,
				503FC3232478843200D3009E /* Frameworks */,
				503FC3242478843200D3009E /* Resources */,
			);
			buildRules = (
			);
			dependencies = (
			);
			name = RPS2player;
			productName = "RPS II";
			productReference = 503FC3262478843200D3009E /* RPS 2 player.app */;
			productType = "com.apple.product-type.application";
		};
/* End PBXNativeTarget section */

/* Begin PBXProject section */
		503FC31E2478843200D3009E /* Project object */ = {
			isa = PBXProject;
			attributes = {
				LastSwiftUpdateCheck = 1140;
				LastUpgradeCheck = 1140;
				ORGANIZATIONNAME = Cesareo;
				TargetAttributes = {
					503FC3252478843200D3009E = {
						CreatedOnToolsVersion = 11.4.1;
					};
				};
			};
			buildConfigurationList = 503FC3212478843200D3009E /* Build configuration list for PBXProject "RPS2player" */;
			compatibilityVersion = "Xcode 9.3";
			developmentRegion = en;
			hasScannedForEncodings = 0;
			knownRegions = (
				en,
				Base,
			);
			mainGroup = 503FC31D2478843200D3009E;
			productRefGroup = 503FC3272478843200D3009E /* Products */;
			projectDirPath = "";
			projectRoot = "";
			targets = (
				503FC3252478843200D3009E /* RPS2player */,
			);
		};
/* End PBXProject section */

/* Begin PBXResourcesBuildPhase section */
		503FC3242478843200D3009E /* Resources */ = {
			isa = PBXResourcesBuildPhase;
			buildActionMask = 2147483647;
			files = (
				503FC3362478843200D3009E /* LaunchScreen.storyboard in Resources */,
				503FC3332478843200D3009E /* Assets.xcassets in Resources */,
				503FC3312478843200D3009E /* Main.storyboard in Resources */,
			);
			runOnlyForDeploymentPostprocessing = 0;
		};
/* End PBXResourcesBuildPhase section */

/* Begin PBXSourcesBuildPhase section */
		503FC3222478843200D3009E /* Sources */ = {
			isa = PBXSourcesBuildPhase;
			buildActionMask = 2147483647;
			files = (
				503FC32E2478843200D3009E /* ViewController.swift in Sources */,
				503FC32A2478843200D3009E /* AppDelegate.swift in Sources */,
				503FC340247884CB00D3009E /* GameState.swift in Sources */,
				503FC33E2478845900D3009E /* Sign.swift in Sources */,
				503FC32C2478843200D3009E /* SceneDelegate.swift in Sources */,
			);
			runOnlyForDeploymentPostprocessing = 0;
		};
/* End PBXSourcesBuildPhase section */

/* Begin PBXVariantGroup section */
		503FC32F2478843200D3009E /* Main.storyboard */ = {
			isa = PBXVariantGroup;
			children = (
				503FC3302478843200D3009E /* Base */,
			);
			name = Main.storyboard;
			sourceTree = "<group>";
		};
		503FC3342478843200D3009E /* LaunchScreen.storyboard */ = {
			isa = PBXVariantGroup;
			children = (
				503FC3352478843200D3009E /* Base */,
			);
			name = LaunchScreen.storyboard;
			sourceTree = "<group>";
		};
/* End PBXVariantGroup section */

/* Begin XCBuildConfiguration section */
		503FC3382478843200D3009E /* Debug */ = {
			isa = XCBuildConfiguration;
			buildSettings = {
				ALWAYS_SEARCH_USER_PATHS = NO;
				CLANG_ANALYZER_NONNULL = YES;
				CLANG_ANALYZER_NUMBER_OBJECT_CONVERSION = YES_AGGRESSIVE;
				CLANG_CXX_LANGUAGE_STANDARD = "gnu++14";
				CLANG_CXX_LIBRARY = "libc++";
				CLANG_ENABLE_MODULES = YES;
				CLANG_ENABLE_OBJC_ARC = YES;
				CLANG_ENABLE_OBJC_WEAK = YES;
				CLANG_WARN_BLOCK_CAPTURE_AUTORELEASING = YES;
				CLANG_WARN_BOOL_CONVERSION = YES;
				CLANG_WARN_COMMA = YES;
				CLANG_WARN_CONSTANT_CONVERSION = YES;
				CLANG_WARN_DEPRECATED_OBJC_IMPLEMENTATIONS = YES;
				CLANG_WARN_DIRECT_OBJC_ISA_USAGE = YES_ERROR;
				CLANG_WARN_DOCUMENTATION_COMMENTS = YES;
				CLANG_WARN_EMPTY_BODY = YES;
				CLANG_WARN_ENUM_CONVERSION = YES;
				CLANG_WARN_INFINITE_RECURSION = YES;
				CLANG_WARN_INT_CONVERSION = YES;
				CLANG_WARN_NON_LITERAL_NULL_CONVERSION = YES;
				CLANG_WARN_OBJC_IMPLICIT_RETAIN_SELF = YES;
				CLANG_WARN_OBJC_LITERAL_CONVERSION = YES;
				CLANG_WARN_OBJC_ROOT_CLASS = YES_ERROR;
				CLANG_WARN_RANGE_LOOP_ANALYSIS = YES;
				CLANG_WARN_STRICT_PROTOTYPES = YES;
				CLANG_WARN_SUSPICIOUS_MOVE = YES;
				CLANG_WARN_UNGUARDED_AVAILABILITY = YES_AGGRESSIVE;
				CLANG_WARN_UNREACHABLE_CODE = YES;
				CLANG_WARN__DUPLICATE_METHOD_MATCH = YES;
				COPY_PHASE_STRIP = NO;
				DEBUG_INFORMATION_FORMAT = dwarf;
				ENABLE_STRICT_OBJC_MSGSEND = YES;
				ENABLE_TESTABILITY = YES;
				GCC_C_LANGUAGE_STANDARD = gnu11;
				GCC_DYNAMIC_NO_PIC = NO;
				GCC_NO_COMMON_BLOCKS = YES;
				GCC_OPTIMIZATION_LEVEL = 0;
				GCC_PREPROCESSOR_DEFINITIONS = (
					"DEBUG=1",
					"$(inherited)",
				);
				GCC_WARN_64_TO_32_BIT_CONVERSION = YES;
				GCC_WARN_ABOUT_RETURN_TYPE = YES_ERROR;
				GCC_WARN_UNDECLARED_SELECTOR = YES;
				GCC_WARN_UNINITIALIZED_AUTOS = YES_AGGRESSIVE;
				GCC_WARN_UNUSED_FUNCTION = YES;
				GCC_WARN_UNUSED_VARIABLE = YES;
				IPHONEOS_DEPLOYMENT_TARGET = 13.5;
				MTL_ENABLE_DEBUG_INFO = INCLUDE_SOURCE;
				MTL_FAST_MATH = YES;
				ONLY_ACTIVE_ARCH = YES;
				SDKROOT = iphoneos;
				SWIFT_ACTIVE_COMPILATION_CONDITIONS = DEBUG;
				SWIFT_OPTIMIZATION_LEVEL = "-Onone";
			};
			name = Debug;
		};
		503FC3392478843200D3009E /* Release */ = {
			isa = XCBuildConfiguration;
			buildSettings = {
				ALWAYS_SEARCH_USER_PATHS = NO;
				CLANG_ANALYZER_NONNULL = YES;
				CLANG_ANALYZER_NUMBER_OBJECT_CONVERSION = YES_AGGRESSIVE;
				CLANG_CXX_LANGUAGE_STANDARD = "gnu++14";
				CLANG_CXX_LIBRARY = "libc++";
				CLANG_ENABLE_MODULES = YES;
				CLANG_ENABLE_OBJC_ARC = YES;
				CLANG_ENABLE_OBJC_WEAK = YES;
				CLANG_WARN_BLOCK_CAPTURE_AUTORELEASING = YES;
				CLANG_WARN_BOOL_CONVERSION = YES;
				CLANG_WARN_COMMA = YES;
				CLANG_WARN_CONSTANT_CONVERSION = YES;
				CLANG_WARN_DEPRECATED_OBJC_IMPLEMENTATIONS = YES;
				CLANG_WARN_DIRECT_OBJC_ISA_USAGE = YES_ERROR;
				CLANG_WARN_DOCUMENTATION_COMMENTS = YES;
				CLANG_WARN_EMPTY_BODY = YES;
				CLANG_WARN_ENUM_CONVERSION = YES;
				CLANG_WARN_INFINITE_RECURSION = YES;
				CLANG_WARN_INT_CONVERSION = YES;
				CLANG_WARN_NON_LITERAL_NULL_CONVERSION = YES;
				CLANG_WARN_OBJC_IMPLICIT_RETAIN_SELF = YES;
				CLANG_WARN_OBJC_LITERAL_CONVERSION = YES;
				CLANG_WARN_OBJC_ROOT_CLASS = YES_ERROR;
				CLANG_WARN_RANGE_LOOP_ANALYSIS = YES;
				CLANG_WARN_STRICT_PROTOTYPES = YES;
				CLANG_WARN_SUSPICIOUS_MOVE = YES;
				CLANG_WARN_UNGUARDED_AVAILABILITY = YES_AGGRESSIVE;
				CLANG_WARN_UNREACHABLE_CODE = YES;
				CLANG_WARN__DUPLICATE_METHOD_MATCH = YES;
				COPY_PHASE_STRIP = NO;
				DEBUG_INFORMATION_FORMAT = "dwarf-with-dsym";
				ENABLE_NS_ASSERTIONS = NO;
				ENABLE_STRICT_OBJC_MSGSEND = YES;
				GCC_C_LANGUAGE_STANDARD = gnu11;
				GCC_NO_COMMON_BLOCKS = YES;
				GCC_WARN_64_TO_32_BIT_CONVERSION = YES;
				GCC_WARN_ABOUT_RETURN_TYPE = YES_ERROR;
				GCC_WARN_UNDECLARED_SELECTOR = YES;
				GCC_WARN_UNINITIALIZED_AUTOS = YES_AGGRESSIVE;
				GCC_WARN_UNUSED_FUNCTION = YES;
				GCC_WARN_UNUSED_VARIABLE = YES;
				IPHONEOS_DEPLOYMENT_TARGET = 13.5;
				MTL_ENABLE_DEBUG_INFO = NO;
				MTL_FAST_MATH = YES;
				SDKROOT = iphoneos;
				SWIFT_COMPILATION_MODE = wholemodule;
				SWIFT_OPTIMIZATION_LEVEL = "-O";
				VALIDATE_PRODUCT = YES;
			};
			name = Release;
		};
		503FC33B2478843200D3009E /* Debug */ = {
			isa = XCBuildConfiguration;
			buildSettings = {
				ASSETCATALOG_COMPILER_APPICON_NAME = AppIcon;
				CODE_SIGN_STYLE = Automatic;
				DEVELOPMENT_TEAM = 42WR6WS7XG;
				INFOPLIST_FILE = "RPS II/Info.plist";
				LD_RUNPATH_SEARCH_PATHS = (
					"$(inherited)",
					"@executable_path/Frameworks",
				);
				PRODUCT_BUNDLE_IDENTIFIER = com.example.RPS2player;
				PRODUCT_NAME = "RPS 2 player";
				SWIFT_VERSION = 5.0;
				TARGETED_DEVICE_FAMILY = "1,2";
			};
			name = Debug;
		};
		503FC33C2478843200D3009E /* Release */ = {
			isa = XCBuildConfiguration;
			buildSettings = {
				ASSETCATALOG_COMPILER_APPICON_NAME = AppIcon;
				CODE_SIGN_STYLE = Automatic;
				DEVELOPMENT_TEAM = 42WR6WS7XG;
				INFOPLIST_FILE = "RPS II/Info.plist";
				LD_RUNPATH_SEARCH_PATHS = (
					"$(inherited)",
					"@executable_path/Frameworks",
				);
				PRODUCT_BUNDLE_IDENTIFIER = com.example.RPS2player;
				PRODUCT_NAME = "RPS 2 player";
				SWIFT_VERSION = 5.0;
				TARGETED_DEVICE_FAMILY = "1,2";
			};
			name = Release;
		};
/* End XCBuildConfiguration section */

/* Begin XCConfigurationList section */
		503FC3212478843200D3009E /* Build configuration list for PBXProject "RPS2player" */ = {
			isa = XCConfigurationList;
			buildConfigurations = (
				503FC3382478843200D3009E /* Debug */,
				503FC3392478843200D3009E /* Release */,
			);
			defaultConfigurationIsVisible = 0;
			defaultConfigurationName = Release;
		};
		503FC33A2478843200D3009E /* Build configuration list for PBXNativeTarget "RPS2player" */ = {
			isa = XCConfigurationList;
			buildConfigurations = (
				503FC33B2478843200D3009E /* Debug */,
				503FC33C2478843200D3009E /* Release */,
			);
			defaultConfigurationIsVisible = 0;
			defaultConfigurationName = Release;
		};
/* End XCConfigurationList section */
	};
	rootObject = 503FC31E2478843200D3009E /* Project object */;
}
